
Microsoft Visual Studio Solution File, Format Version 12.00
# Visual Studio Version 16
VisualStudioVersion = 16.0.31112.23
MinimumVisualStudioVersion = 10.0.40219.1
Project("{FAE04EC0-301F-11D3-BF4B-00C04F79EFBC}") = "WebApplication1udemy", "WebApplication1udemy.csproj", "{B5EDB5F4-1FCC-462E-A449-12E87E6EB45A}"
EndProject
Global
	GlobalSection(SolutionConfigurationPlatforms) = preSolution
		Debug|Any CPU = Debug|Any CPU
		Release|Any CPU = Release|Any CPU
	EndGlobalSection
	GlobalSection(ProjectConfigurationPlatforms) = postSolution
		{B5EDB5F4-1FCC-462E-A449-12E87E6EB45A}.Debug|Any CPU.ActiveCfg = Debug|Any CPU
		{B5EDB5F4-1FCC-462E-A449-12E87E6EB45A}.Debug|Any CPU.Build.0 = Debug|Any CPU
		{B5EDB5F4-1FCC-462E-A449-12E87E6EB45A}.Release|Any CPU.ActiveCfg = Release|Any CPU
		{B5EDB5F4-1FCC-462E-A449-12E87E6EB45A}.Release|Any CPU.Build.0 = Release|Any CPU
	EndGlobalSection
	GlobalSection(SolutionProperties) = preSolution
		HideSolutionNode = FALSE
	EndGlobalSection
	GlobalSection(ExtensibilityGlobals) = postSolution
		SolutionGuid = {FB5117E5-116B-468A-B488-23602F41B908}
	EndGlobalSection
EndGlobal
